{
  "name": "@agentworkforce/herdr-agent-relay-plugin",
  "version": "0.1.0",
  "lockfileVersion": 3,
  "requires": true,
  "packages": {
    "": {
      "name": "@agentworkforce/herdr-agent-relay-plugin",
      "version": "0.1.0",
      "dependencies": {
        "@agent-relay/sdk": "11.1.0",
        "zod": "4.3.6"
      },
      "engines": {
        "node": ">=22.0.0"
      }
    },
    "node_modules/@agent-relay/sdk": {
      "version": "11.1.0",
      "resolved": "https://registry.npmjs.org/@agent-relay/sdk/-/sdk-11.1.0.tgz",
      "integrity": "sha512-Q5avUPmfw677Kr3aBJtEO0WP606CEcYPrh/9cS4am8Tnw/o0mCaqhmFRT7KT/vE5yQRnY6qDb0LuSjmXnKIbpg==",
      "dependencies": {
        "@relaycast/sdk": "^6.0.0",
        "@relaycast/types": "^6.0.0",
        "zod": "^4.3.6"
      },
      "engines": {
        "node": ">=22.0.0"
      }
    },
    "node_modules/@relaycast/sdk": {
      "version": "6.2.0",
      "resolved": "https://registry.npmjs.org/@relaycast/sdk/-/sdk-6.2.0.tgz",
      "integrity": "sha512-7j/QGtBf6WNRa8tnnCT1rfDmcIl5QyhSQZQ//R3PePNKrRwQum0K1i3lR/dmd8DkO37Wgr8rBAh3i1xIHiLFeg==",
      "dependencies": {
        "@relaycast/types": "6.2.0",
        "zod": "^4.3.6"
      }
    },
    "node_modules/@relaycast/types": {
      "version": "6.2.0",
      "resolved": "https://registry.npmjs.org/@relaycast/types/-/types-6.2.0.tgz",
      "integrity": "sha512-9e5ywyO0HM3yNfGE2JvvGWMeyv1xwshuLNkyEPGOCPyyw/UlFFQLESGShEy2GMwowZPlw8sm5mVTzmJqRZ3CLQ==",
      "dependencies": {
        "zod": "^4.3.6"
      }
    },
    "node_modules/zod": {
      "version": "4.3.6",
      "resolved": "https://registry.npmjs.org/zod/-/zod-4.3.6.tgz",
      "integrity": "sha512-rftlrkhHZOcjDwkGlnUtZZkvaPHCsDATp4pGpuOOMDaTdDDXF91wuVDJoWoPsKX/3YPQ5fHuF3STjcYyKr+Qhg==",
      "license": "MIT",
      "funding": {
        "url": "https://github.com/sponsors/colinhacks"
      }
    }
  }
}
